<Solution>
  <Folder Name="/build/">
    <File Path="Directory.Build.props" />
    <File Path="Directory.Packages.props" />
    <File Path="global.json" />
    <File Path="NuGet.Config" />
    <File Path="README.md" />
    <File Path="RELEASE_NOTES.md" />
  </Folder>
  <Folder Name="/src/">
    <Project Path="src/CarnotCycleCircus.Core/CarnotCycleCircus.Core.csproj" />
    <Project Path="src/CarnotCycleCircus.UI/CarnotCycleCircus.UI.csproj" />
    <Project Path="src/CarnotCycleCircus.Desktop/CarnotCycleCircus.Desktop.csproj" />
    <Project Path="src/CarnotCycleCircus.Server/CarnotCycleCircus.Server.csproj" />
    <Project Path="src/CarnotCycleCircus.Web/CarnotCycleCircus.Web.csproj" />
  </Folder>
  <Folder Name="/tests/">
    <Project Path="tests/CarnotCycleCircus.Tests/CarnotCycleCircus.Tests.csproj" />
  </Folder>
</Solution>
